{
    "hash": "441f8b20eb7dda18a5f07990d28a598a",
    "packages": [
        {
            "name": "nette/nette",
            "version": "dev-master",
            "source": {
                "type": "git",
                "url": "https://github.com/nette/nette.git",
                "reference": "70cd9d414fe9f2f1b039730a9e4daf051daf1d5c"
            },
            "dist": {
                "type": "zip",
                "url": "https://api.github.com/repos/nette/nette/zipball/70cd9d414fe9f2f1b039730a9e4daf051daf1d5c",
                "reference": "70cd9d414fe9f2f1b039730a9e4daf051daf1d5c",
                "shasum": ""
            },
            "require": {
                "ext-iconv": "*",
                "ext-tokenizer": "*",
                "php": ">=5.3.0"
            },
            "require-dev": {
                "nette/tester": "@dev"
            },
            "suggest": {
                "ext-fileinfo": "*",
                "ext-gd": "*",
                "ext-mbstring": "*",
                "ext-memcache": "*",
                "ext-pdo": "*"
            },
            "type": "library",
            "extra": {
                "branch-alias": {
                    "dev-master": "2.1-dev"
                }
            },
            "autoload": {
                "files": [
                    "Nette/loader.php"
                ]
            },
            "notification-url": "https://packagist.org/downloads/",
            "license": [
                "BSD-3-Clause",
                "GPL-2.0",
                "GPL-3.0"
            ],
            "authors": [
                {
                    "name": "David Grudl",
                    "homepage": "http://davidgrudl.com"
                },
                {
                    "name": "Nette Community",
                    "homepage": "http://nette.org/contributors"
                }
            ],
            "description": "Nette Framework - innovative framework for fast and easy development of secured web applications in PHP. Write less, have cleaner code and your work will bring you joy.",
            "homepage": "http://nette.org",
            "keywords": [
                "Forms",
                "database",
                "dbal",
                "debugging",
                "framework",
                "images",
                "latte",
                "mailing",
                "micro",
                "mvc",
                "neon",
                "templating"
            ],
            "time": "2013-05-02 11:54:37"
        }
    ],
    "packages-dev": [
        {
            "name": "janmarek/mockista",
            "version": "v1.0.0",
            "source": {
                "type": "git",
                "url": "https://github.com/janmarek/mockista",
                "reference": "v1.0.0"
            },
            "dist": {
                "type": "zip",
                "url": "https://api.github.com/repos/janmarek/mockista/zipball/v1.0.0",
                "reference": "v1.0.0",
                "shasum": ""
            },
            "type": "library",
            "autoload": {
                "psr-0": {
                    "Mockista": ""
                },
                "files": [
                    "Mockista/functions.php"
                ]
            },
            "notification-url": "https://packagist.org/downloads/",
            "license": [
                "BSD-3-Clause"
            ],
            "authors": [
                {
                    "name": "Jiří Knesl",
                    "homepage": "http://www.knesl.com/"
                },
                {
                    "name": "Jan Marek",
                    "homepage": "http://www.janmarek.net/"
                }
            ],
            "description": "Mockista is library for mocking, which I've written, because I find mocking in PHPUnit awful.",
            "homepage": "http://www.mockista.com/",
            "keywords": [
                "BDD",
                "TDD",
                "mock",
                "mocking",
                "mockista",
                "phpunit",
                "testing",
                "tests"
            ],
            "time": "2013-01-21 23:22:22"
        },
        {
            "name": "nette/tester",
            "version": "dev-master",
            "source": {
                "type": "git",
                "url": "https://github.com/nette/tester.git",
                "reference": "dd4f7e25ff6175b598cbc3462ca13a411e3c27f4"
            },
            "dist": {
                "type": "zip",
                "url": "https://api.github.com/repos/nette/tester/zipball/dd4f7e25ff6175b598cbc3462ca13a411e3c27f4",
                "reference": "dd4f7e25ff6175b598cbc3462ca13a411e3c27f4",
                "shasum": ""
            },
            "require": {
                "php": ">=5.3.0"
            },
            "bin": [
                "Tester/tester"
            ],
            "type": "library",
            "autoload": {
                "classmap": [
                    "Tester/"
                ]
            },
            "notification-url": "https://packagist.org/downloads/",
            "license": [
                "BSD-3-Clause",
                "GPL-2.0",
                "GPL-3.0"
            ],
            "authors": [
                {
                    "name": "David Grudl",
                    "homepage": "http://davidgrudl.com"
                },
                {
                    "name": "Nette Community",
                    "homepage": "http://nette.org/contributors"
                }
            ],
            "description": "An easy-to-use PHP Unit Testing framework.",
            "homepage": "http://nette.org",
            "keywords": [
                "nette",
                "testing",
                "unit"
            ],
            "time": "2013-04-25 13:48:02"
        }
    ],
    "aliases": [

    ],
    "minimum-stability": "stable",
    "stability-flags": {
        "nette/nette": 20,
        "nette/tester": 20
    },
    "platform": {
        "php": ">= 5.3.0"
    },
    "platform-dev": [

    ]
}
